Microsoft Visual Studio Solution File, Format Version 11.00
# Visual Studio 2010
Project("{FAE04EC0-301F-11D3-BF4B-00C04F79EFBC}") = "Assembly-CSharp", "Assembly-CSharp.csproj", "{DA73DE5C-EEB3-EFF4-115D-1E50D7169263}"
EndProject
Project("{FAE04EC0-301F-11D3-BF4B-00C04F79EFBC}") = "Assembly-CSharp-Editor", "Assembly-CSharp-Editor.csproj", "{225C5CC7-7C3E-3339-29B0-6A610FE90981}"
EndProject
Global
	GlobalSection(SolutionConfigurationPlatforms) = preSolution
		Debug|Any CPU = Debug|Any CPU
		Release|Any CPU = Release|Any CPU
	EndGlobalSection
	GlobalSection(ProjectConfigurationPlatforms) = postSolution
		{DA73DE5C-EEB3-EFF4-115D-1E50D7169263}.Debug|Any CPU.ActiveCfg = Debug|Any CPU
		{DA73DE5C-EEB3-EFF4-115D-1E50D7169263}.Debug|Any CPU.Build.0 = Debug|Any CPU
		{DA73DE5C-EEB3-EFF4-115D-1E50D7169263}.Release|Any CPU.ActiveCfg = Release|Any CPU
		{DA73DE5C-EEB3-EFF4-115D-1E50D7169263}.Release|Any CPU.Build.0 = Release|Any CPU
		{225C5CC7-7C3E-3339-29B0-6A610FE90981}.Debug|Any CPU.ActiveCfg = Debug|Any CPU
		{225C5CC7-7C3E-3339-29B0-6A610FE90981}.Debug|Any CPU.Build.0 = Debug|Any CPU
		{225C5CC7-7C3E-3339-29B0-6A610FE90981}.Release|Any CPU.ActiveCfg = Release|Any CPU
		{225C5CC7-7C3E-3339-29B0-6A610FE90981}.Release|Any CPU.Build.0 = Release|Any CPU
	EndGlobalSection
	GlobalSection(SolutionProperties) = preSolution
		HideSolutionNode = FALSE
	EndGlobalSection
	GlobalSection(MonoDevelopProperties) = preSolution
		StartupItem = Assembly-CSharp.csproj
	EndGlobalSection
EndGlobal
